
Microsoft Visual Studio Solution File, Format Version 12.00
# Visual Studio 15
VisualStudioVersion = 15.0.28307.645
MinimumVisualStudioVersion = 10.0.40219.1
Project("{FAE04EC0-301F-11D3-BF4B-00C04F79EFBC}") = "立体画", "立体画\立体画.csproj", "{EF9DC5A1-9C9F-4167-81C3-0FA5F42740AE}"
EndProject
Global
	GlobalSection(SolutionConfigurationPlatforms) = preSolution
		Debug|Any CPU = Debug|Any CPU
		Release|Any CPU = Release|Any CPU
	EndGlobalSection
	GlobalSection(ProjectConfigurationPlatforms) = postSolution
		{EF9DC5A1-9C9F-4167-81C3-0FA5F42740AE}.Debug|Any CPU.ActiveCfg = Debug|Any CPU
		{EF9DC5A1-9C9F-4167-81C3-0FA5F42740AE}.Debug|Any CPU.Build.0 = Debug|Any CPU
		{EF9DC5A1-9C9F-4167-81C3-0FA5F42740AE}.Release|Any CPU.ActiveCfg = Release|Any CPU
		{EF9DC5A1-9C9F-4167-81C3-0FA5F42740AE}.Release|Any CPU.Build.0 = Release|Any CPU
	EndGlobalSection
	GlobalSection(SolutionProperties) = preSolution
		HideSolutionNode = FALSE
	EndGlobalSection
	GlobalSection(ExtensibilityGlobals) = postSolution
		SolutionGuid = {9AF28B03-2950-421F-9EB0-C7FA6A0B68E8}
	EndGlobalSection
EndGlobal
